
Microsoft Visual Studio Solution File, Format Version 12.00
# Visual Studio Version 17
VisualStudioVersion = 17.8.34112.27
MinimumVisualStudioVersion = 15.0.26124.0
Project("{2150E333-8FDC-42A3-9474-1A3956D46DE8}") = "Solution Items", "Solution Items", "{F0BE043E-1C27-4837-B067-A64B65AF5353}"
	ProjectSection(SolutionItems) = preProject
		.editorconfig = .editorconfig
		.gitignore = .gitignore
		global.json = global.json
		nuget.config = nuget.config
		README.md = README.md
	EndProjectSection
EndProject
Project("{2150E333-8FDC-42A3-9474-1A3956D46DE8}") = "Src", "Src", "{1572E273-3ADB-4E50-85A0-313E8D684FD2}"
EndProject
Project("{2150E333-8FDC-42A3-9474-1A3956D46DE8}") = "2 - Services", "2 - Services", "{4540A7C6-2383-4D11-A481-A6CC8D7905E5}"
EndProject
Project("{2150E333-8FDC-42A3-9474-1A3956D46DE8}") = "3 - Application", "3 - Application", "{7A204D13-BCDC-405D-85B5-353EE2C9A10A}"
EndProject
Project("{2150E333-8FDC-42A3-9474-1A3956D46DE8}") = "4 - Domain", "4 - Domain", "{0048019B-DA55-4A04-9264-39545EF4B06C}"
EndProject
Project("{2150E333-8FDC-42A3-9474-1A3956D46DE8}") = "5 - Infra", "5 - Infra", "{AFFE13FA-84A7-45C9-92B3-A0C37235A2C5}"
EndProject
Project("{2150E333-8FDC-42A3-9474-1A3956D46DE8}") = "5.1 - Data", "5.1 - Data", "{8B5F8FF8-52CE-4C81-B09F-E65E14078090}"
EndProject
Project("{2150E333-8FDC-42A3-9474-1A3956D46DE8}") = "5.2 - CrossCutting", "5.2 - CrossCutting", "{46AE4EFD-3BD7-4E10-9BA8-B91E39AD41BF}"
EndProject
Project("{2150E333-8FDC-42A3-9474-1A3956D46DE8}") = "6 - Tests", "6 - Tests", "{86019360-B934-4FB3-AD9E-CAD3AA4E3635}"
EndProject
Project("{9A19103F-16F7-4668-BE54-9A1E7A4F7556}") = "Domain", "Src\Domain\Domain.csproj", "{CDF49522-919D-4A8D-88D4-39437344C84C}"
EndProject
Project("{9A19103F-16F7-4668-BE54-9A1E7A4F7556}") = "Domain.Core", "Src\Domain.Core\Domain.Core.csproj", "{66BFF502-B1CB-4B7B-837B-75151A58EC42}"
EndProject
Project("{9A19103F-16F7-4668-BE54-9A1E7A4F7556}") = "Application", "Src\Application\Application.csproj", "{101B1E86-F606-48D2-9AC9-6CAD8320A489}"
EndProject
Project("{9A19103F-16F7-4668-BE54-9A1E7A4F7556}") = "TaskB3.Services.Api", "Src\Services.Api\TaskB3.Services.Api.csproj", "{B4A5EAD9-4F69-4A89-9D8F-9F2F681A5731}"
EndProject
Project("{9A19103F-16F7-4668-BE54-9A1E7A4F7556}") = "Infra.Data", "Src\Infra.Data\Infra.Data.csproj", "{340B5A34-18B5-4A82-B1BC-456D53AA5DBF}"
EndProject
Project("{9A19103F-16F7-4668-BE54-9A1E7A4F7556}") = "Infra.CrossCutting.Bus", "Src\Infra.CrossCutting.Bus\Infra.CrossCutting.Bus.csproj", "{CBF7F905-7E1B-4AB1-9F62-03C271AF2C8D}"
EndProject
Project("{9A19103F-16F7-4668-BE54-9A1E7A4F7556}") = "Infra.CrossCutting.Identity", "Src\Infra.CrossCutting.Identity\Infra.CrossCutting.Identity.csproj", "{3A8E4D0F-6B5E-46F6-9F76-7963C0A2A917}"
EndProject
Project("{9A19103F-16F7-4668-BE54-9A1E7A4F7556}") = "Infra.CrossCutting.IoC", "Src\Infra.CrossCutting.IoC\Infra.CrossCutting.IoC.csproj", "{FD639BE8-4F98-4BFA-8633-1906BEA42AF2}"
EndProject
Project("{9A19103F-16F7-4668-BE54-9A1E7A4F7556}") = "CLI.Migration", "Src\CLI.Migration\CLI.Migration.csproj", "{763B3C3E-F7BC-4DB3-9496-E014FC02407C}"
EndProject
Project("{9A19103F-16F7-4668-BE54-9A1E7A4F7556}") = "Application.UnitTests", "Tests\Application.UnitTests\Application.UnitTests.csproj", "{F8723B4E-B83A-46EA-AA78-7710378588C4}"
EndProject
Project("{9A19103F-16F7-4668-BE54-9A1E7A4F7556}") = "Services.Api.IntegrationTests", "Tests\Services.Api.IntegrationTests\Services.Api.IntegrationTests.csproj", "{A982A11E-1CAA-44CC-99FE-A93DCB920161}"
EndProject
Global
	GlobalSection(SolutionConfigurationPlatforms) = preSolution
		Debug|Any CPU = Debug|Any CPU
		Release|Any CPU = Release|Any CPU
	EndGlobalSection
	GlobalSection(ProjectConfigurationPlatforms) = postSolution
		{CDF49522-919D-4A8D-88D4-39437344C84C}.Debug|Any CPU.ActiveCfg = Debug|Any CPU
		{CDF49522-919D-4A8D-88D4-39437344C84C}.Debug|Any CPU.Build.0 = Debug|Any CPU
		{CDF49522-919D-4A8D-88D4-39437344C84C}.Release|Any CPU.ActiveCfg = Release|Any CPU
		{CDF49522-919D-4A8D-88D4-39437344C84C}.Release|Any CPU.Build.0 = Release|Any CPU
		{66BFF502-B1CB-4B7B-837B-75151A58EC42}.Debug|Any CPU.ActiveCfg = Debug|Any CPU
		{66BFF502-B1CB-4B7B-837B-75151A58EC42}.Debug|Any CPU.Build.0 = Debug|Any CPU
		{66BFF502-B1CB-4B7B-837B-75151A58EC42}.Release|Any CPU.ActiveCfg = Release|Any CPU
		{66BFF502-B1CB-4B7B-837B-75151A58EC42}.Release|Any CPU.Build.0 = Release|Any CPU
		{101B1E86-F606-48D2-9AC9-6CAD8320A489}.Debug|Any CPU.ActiveCfg = Debug|Any CPU
		{101B1E86-F606-48D2-9AC9-6CAD8320A489}.Debug|Any CPU.Build.0 = Debug|Any CPU
		{101B1E86-F606-48D2-9AC9-6CAD8320A489}.Release|Any CPU.ActiveCfg = Release|Any CPU
		{101B1E86-F606-48D2-9AC9-6CAD8320A489}.Release|Any CPU.Build.0 = Release|Any CPU
		{B4A5EAD9-4F69-4A89-9D8F-9F2F681A5731}.Debug|Any CPU.ActiveCfg = Debug|Any CPU
		{B4A5EAD9-4F69-4A89-9D8F-9F2F681A5731}.Debug|Any CPU.Build.0 = Debug|Any CPU
		{B4A5EAD9-4F69-4A89-9D8F-9F2F681A5731}.Release|Any CPU.ActiveCfg = Release|Any CPU
		{B4A5EAD9-4F69-4A89-9D8F-9F2F681A5731}.Release|Any CPU.Build.0 = Release|Any CPU
		{340B5A34-18B5-4A82-B1BC-456D53AA5DBF}.Debug|Any CPU.ActiveCfg = Debug|Any CPU
		{340B5A34-18B5-4A82-B1BC-456D53AA5DBF}.Debug|Any CPU.Build.0 = Debug|Any CPU
		{340B5A34-18B5-4A82-B1BC-456D53AA5DBF}.Release|Any CPU.ActiveCfg = Release|Any CPU
		{340B5A34-18B5-4A82-B1BC-456D53AA5DBF}.Release|Any CPU.Build.0 = Release|Any CPU
		{CBF7F905-7E1B-4AB1-9F62-03C271AF2C8D}.Debug|Any CPU.ActiveCfg = Debug|Any CPU
		{CBF7F905-7E1B-4AB1-9F62-03C271AF2C8D}.Debug|Any CPU.Build.0 = Debug|Any CPU
		{CBF7F905-7E1B-4AB1-9F62-03C271AF2C8D}.Release|Any CPU.ActiveCfg = Release|Any CPU
		{CBF7F905-7E1B-4AB1-9F62-03C271AF2C8D}.Release|Any CPU.Build.0 = Release|Any CPU
		{3A8E4D0F-6B5E-46F6-9F76-7963C0A2A917}.Debug|Any CPU.ActiveCfg = Debug|Any CPU
		{3A8E4D0F-6B5E-46F6-9F76-7963C0A2A917}.Debug|Any CPU.Build.0 = Debug|Any CPU
		{3A8E4D0F-6B5E-46F6-9F76-7963C0A2A917}.Release|Any CPU.ActiveCfg = Release|Any CPU
		{3A8E4D0F-6B5E-46F6-9F76-7963C0A2A917}.Release|Any CPU.Build.0 = Release|Any CPU
		{FD639BE8-4F98-4BFA-8633-1906BEA42AF2}.Debug|Any CPU.ActiveCfg = Debug|Any CPU
		{FD639BE8-4F98-4BFA-8633-1906BEA42AF2}.Debug|Any CPU.Build.0 = Debug|Any CPU
		{FD639BE8-4F98-4BFA-8633-1906BEA42AF2}.Release|Any CPU.ActiveCfg = Release|Any CPU
		{FD639BE8-4F98-4BFA-8633-1906BEA42AF2}.Release|Any CPU.Build.0 = Release|Any CPU
		{763B3C3E-F7BC-4DB3-9496-E014FC02407C}.Debug|Any CPU.ActiveCfg = Debug|Any CPU
		{763B3C3E-F7BC-4DB3-9496-E014FC02407C}.Debug|Any CPU.Build.0 = Debug|Any CPU
		{763B3C3E-F7BC-4DB3-9496-E014FC02407C}.Release|Any CPU.ActiveCfg = Release|Any CPU
		{763B3C3E-F7BC-4DB3-9496-E014FC02407C}.Release|Any CPU.Build.0 = Release|Any CPU
		{F8723B4E-B83A-46EA-AA78-7710378588C4}.Debug|Any CPU.ActiveCfg = Debug|Any CPU
		{F8723B4E-B83A-46EA-AA78-7710378588C4}.Debug|Any CPU.Build.0 = Debug|Any CPU
		{F8723B4E-B83A-46EA-AA78-7710378588C4}.Release|Any CPU.ActiveCfg = Release|Any CPU
		{F8723B4E-B83A-46EA-AA78-7710378588C4}.Release|Any CPU.Build.0 = Release|Any CPU
		{A982A11E-1CAA-44CC-99FE-A93DCB920161}.Debug|Any CPU.ActiveCfg = Debug|Any CPU
		{A982A11E-1CAA-44CC-99FE-A93DCB920161}.Debug|Any CPU.Build.0 = Debug|Any CPU
		{A982A11E-1CAA-44CC-99FE-A93DCB920161}.Release|Any CPU.ActiveCfg = Release|Any CPU
		{A982A11E-1CAA-44CC-99FE-A93DCB920161}.Release|Any CPU.Build.0 = Release|Any CPU
	EndGlobalSection
	GlobalSection(SolutionProperties) = preSolution
		HideSolutionNode = FALSE
	EndGlobalSection
	GlobalSection(NestedProjects) = preSolution
		{4540A7C6-2383-4D11-A481-A6CC8D7905E5} = {1572E273-3ADB-4E50-85A0-313E8D684FD2}
		{7A204D13-BCDC-405D-85B5-353EE2C9A10A} = {1572E273-3ADB-4E50-85A0-313E8D684FD2}
		{0048019B-DA55-4A04-9264-39545EF4B06C} = {1572E273-3ADB-4E50-85A0-313E8D684FD2}
		{AFFE13FA-84A7-45C9-92B3-A0C37235A2C5} = {1572E273-3ADB-4E50-85A0-313E8D684FD2}
		{8B5F8FF8-52CE-4C81-B09F-E65E14078090} = {AFFE13FA-84A7-45C9-92B3-A0C37235A2C5}
		{46AE4EFD-3BD7-4E10-9BA8-B91E39AD41BF} = {AFFE13FA-84A7-45C9-92B3-A0C37235A2C5}
		{86019360-B934-4FB3-AD9E-CAD3AA4E3635} = {1572E273-3ADB-4E50-85A0-313E8D684FD2}
		{CDF49522-919D-4A8D-88D4-39437344C84C} = {0048019B-DA55-4A04-9264-39545EF4B06C}
		{66BFF502-B1CB-4B7B-837B-75151A58EC42} = {0048019B-DA55-4A04-9264-39545EF4B06C}
		{101B1E86-F606-48D2-9AC9-6CAD8320A489} = {7A204D13-BCDC-405D-85B5-353EE2C9A10A}
		{B4A5EAD9-4F69-4A89-9D8F-9F2F681A5731} = {4540A7C6-2383-4D11-A481-A6CC8D7905E5}
		{340B5A34-18B5-4A82-B1BC-456D53AA5DBF} = {8B5F8FF8-52CE-4C81-B09F-E65E14078090}
		{CBF7F905-7E1B-4AB1-9F62-03C271AF2C8D} = {46AE4EFD-3BD7-4E10-9BA8-B91E39AD41BF}
		{3A8E4D0F-6B5E-46F6-9F76-7963C0A2A917} = {46AE4EFD-3BD7-4E10-9BA8-B91E39AD41BF}
		{FD639BE8-4F98-4BFA-8633-1906BEA42AF2} = {46AE4EFD-3BD7-4E10-9BA8-B91E39AD41BF}
		{763B3C3E-F7BC-4DB3-9496-E014FC02407C} = {1572E273-3ADB-4E50-85A0-313E8D684FD2}
		{F8723B4E-B83A-46EA-AA78-7710378588C4} = {86019360-B934-4FB3-AD9E-CAD3AA4E3635}
		{A982A11E-1CAA-44CC-99FE-A93DCB920161} = {86019360-B934-4FB3-AD9E-CAD3AA4E3635}
	EndGlobalSection
	GlobalSection(ExtensibilityGlobals) = postSolution
		SolutionGuid = {3BBAE7F9-CB34-4464-B09A-C32C57579682}
	EndGlobalSection
EndGlobal
